
Microsoft Visual Studio Solution File, Format Version 12.00
# Visual Studio Version 16
VisualStudioVersion = 25.0.1700.5
MinimumVisualStudioVersion = 10.0.40219.1
Project("{FAE04EC0-301F-11D3-BF4B-00C04F79EFBC}") = "Timelogger", "Timelogger\Timelogger.csproj", "{7C55DFF0-1D1A-42EA-BF47-055DEF9DAC6A}"
EndProject
Project("{FAE04EC0-301F-11D3-BF4B-00C04F79EFBC}") = "Timelogger.Application", "Timelogger.Application\Timelogger.Application.csproj", "{65184858-8190-410B-8613-7F9584C2E7D0}"
EndProject
Project("{FAE04EC0-301F-11D3-BF4B-00C04F79EFBC}") = "Timelogger.Persistance", "Timelogger.Persistance\Timelogger.Persistance.csproj", "{6AA217B7-69F7-4544-A78D-837CBDBB09F4}"
EndProject
Project("{FAE04EC0-301F-11D3-BF4B-00C04F79EFBC}") = "Timelogger.Domain", "Timelogger.Domain\Timelogger.Domain.csproj", "{023A40D4-7EDB-426F-B4E0-998167F6575B}"
EndProject
Project("{2150E333-8FDC-42A3-9474-1A3956D46DE8}") = "Api", "Api", "{07682A15-2330-468A-B918-8F7BFA86B543}"
EndProject
Project("{2150E333-8FDC-42A3-9474-1A3956D46DE8}") = "Tests", "Tests", "{398C54CE-90D1-4CC1-ADF8-BCABB700CD88}"
EndProject
Project("{FAE04EC0-301F-11D3-BF4B-00C04F79EFBC}") = "Timelogger.Api.Test", "Timelogger.Api.Test\Timelogger.Api.Test.csproj", "{A31D6DC5-3EAD-4BA1-9980-F75A608A8994}"
EndProject
Project("{FAE04EC0-301F-11D3-BF4B-00C04F79EFBC}") = "Timelogger.Aplication", "Timelogger.Aplication\Timelogger.Aplication.csproj", "{080B9B1B-8EF1-46E5-89B9-C461F332674B}"
EndProject
Global
	GlobalSection(SolutionConfigurationPlatforms) = preSolution
		Debug|Any CPU = Debug|Any CPU
		Release|Any CPU = Release|Any CPU
	EndGlobalSection
	GlobalSection(ProjectConfigurationPlatforms) = postSolution
		{7C55DFF0-1D1A-42EA-BF47-055DEF9DAC6A}.Debug|Any CPU.ActiveCfg = Debug|Any CPU
		{7C55DFF0-1D1A-42EA-BF47-055DEF9DAC6A}.Debug|Any CPU.Build.0 = Debug|Any CPU
		{7C55DFF0-1D1A-42EA-BF47-055DEF9DAC6A}.Release|Any CPU.ActiveCfg = Release|Any CPU
		{7C55DFF0-1D1A-42EA-BF47-055DEF9DAC6A}.Release|Any CPU.Build.0 = Release|Any CPU
		{65184858-8190-410B-8613-7F9584C2E7D0}.Debug|Any CPU.ActiveCfg = Debug|Any CPU
		{65184858-8190-410B-8613-7F9584C2E7D0}.Debug|Any CPU.Build.0 = Debug|Any CPU
		{65184858-8190-410B-8613-7F9584C2E7D0}.Release|Any CPU.ActiveCfg = Release|Any CPU
		{65184858-8190-410B-8613-7F9584C2E7D0}.Release|Any CPU.Build.0 = Release|Any CPU
		{6AA217B7-69F7-4544-A78D-837CBDBB09F4}.Debug|Any CPU.ActiveCfg = Debug|Any CPU
		{6AA217B7-69F7-4544-A78D-837CBDBB09F4}.Debug|Any CPU.Build.0 = Debug|Any CPU
		{6AA217B7-69F7-4544-A78D-837CBDBB09F4}.Release|Any CPU.ActiveCfg = Release|Any CPU
		{6AA217B7-69F7-4544-A78D-837CBDBB09F4}.Release|Any CPU.Build.0 = Release|Any CPU
		{023A40D4-7EDB-426F-B4E0-998167F6575B}.Debug|Any CPU.ActiveCfg = Debug|Any CPU
		{023A40D4-7EDB-426F-B4E0-998167F6575B}.Debug|Any CPU.Build.0 = Debug|Any CPU
		{023A40D4-7EDB-426F-B4E0-998167F6575B}.Release|Any CPU.ActiveCfg = Release|Any CPU
		{023A40D4-7EDB-426F-B4E0-998167F6575B}.Release|Any CPU.Build.0 = Release|Any CPU
		{A31D6DC5-3EAD-4BA1-9980-F75A608A8994}.Debug|Any CPU.ActiveCfg = Debug|Any CPU
		{A31D6DC5-3EAD-4BA1-9980-F75A608A8994}.Debug|Any CPU.Build.0 = Debug|Any CPU
		{A31D6DC5-3EAD-4BA1-9980-F75A608A8994}.Release|Any CPU.ActiveCfg = Release|Any CPU
		{A31D6DC5-3EAD-4BA1-9980-F75A608A8994}.Release|Any CPU.Build.0 = Release|Any CPU
		{080B9B1B-8EF1-46E5-89B9-C461F332674B}.Debug|Any CPU.ActiveCfg = Debug|Any CPU
		{080B9B1B-8EF1-46E5-89B9-C461F332674B}.Debug|Any CPU.Build.0 = Debug|Any CPU
		{080B9B1B-8EF1-46E5-89B9-C461F332674B}.Release|Any CPU.ActiveCfg = Release|Any CPU
		{080B9B1B-8EF1-46E5-89B9-C461F332674B}.Release|Any CPU.Build.0 = Release|Any CPU
	EndGlobalSection
	GlobalSection(SolutionProperties) = preSolution
		HideSolutionNode = FALSE
	EndGlobalSection
	GlobalSection(ExtensibilityGlobals) = postSolution
		SolutionGuid = {8477D2B3-8E98-4EC4-A974-931648A675C4}
	EndGlobalSection
	GlobalSection(NestedProjects) = preSolution
		{7C55DFF0-1D1A-42EA-BF47-055DEF9DAC6A} = {07682A15-2330-468A-B918-8F7BFA86B543}
		{65184858-8190-410B-8613-7F9584C2E7D0} = {07682A15-2330-468A-B918-8F7BFA86B543}
		{023A40D4-7EDB-426F-B4E0-998167F6575B} = {07682A15-2330-468A-B918-8F7BFA86B543}
		{6AA217B7-69F7-4544-A78D-837CBDBB09F4} = {07682A15-2330-468A-B918-8F7BFA86B543}
		{A31D6DC5-3EAD-4BA1-9980-F75A608A8994} = {398C54CE-90D1-4CC1-ADF8-BCABB700CD88}
	EndGlobalSection
EndGlobal
